// !$*UTF8*$!
{
	archiveVersion = 1;
	classes = {
	};
	objectVersion = 50;
	objects = {

/* Begin PBXBuildFile section */
		6E01F017248A3567002F21C7 /* properties.json in Resources */ = {isa = PBXBuildFile; fileRef = 6E01F016248A3567002F21C7 /* properties.json */; };
		6E01F019248A3EDC002F21C7 /* StateTableViewController.swift in Sources */ = {isa = PBXBuildFile; fileRef = 6E01F018248A3EDC002F21C7 /* StateTableViewController.swift */; };
		6E01F01C248A5397002F21C7 /* StateTableViewCell.swift in Sources */ = {isa = PBXBuildFile; fileRef = 6E01F01B248A5397002F21C7 /* StateTableViewCell.swift */; };
		6E7D7D0E23BF80C800CFBFED /* Core.framework in Embed Frameworks */ = {isa = PBXBuildFile; fileRef = 6E7D7D0D23BF80C800CFBFED /* Core.framework */; settings = {ATTRIBUTES = (CodeSignOnCopy, RemoveHeadersOnCopy, ); }; };
		6E86668E21A7F72D00510D73 /* AppDelegate.swift in Sources */ = {isa = PBXBuildFile; fileRef = 6E86668D21A7F72D00510D73 /* AppDelegate.swift */; };
		6E86669021A7F72D00510D73 /* ViewController.swift in Sources */ = {isa = PBXBuildFile; fileRef = 6E86668F21A7F72D00510D73 /* ViewController.swift */; };
		6E86669321A7F72D00510D73 /* Main.storyboard in Resources */ = {isa = PBXBuildFile; fileRef = 6E86669121A7F72D00510D73 /* Main.storyboard */; };
		6E86669521A7F72E00510D73 /* Assets.xcassets in Resources */ = {isa = PBXBuildFile; fileRef = 6E86669421A7F72E00510D73 /* Assets.xcassets */; };
		6E86669821A7F72E00510D73 /* LaunchScreen.storyboard in Resources */ = {isa = PBXBuildFile; fileRef = 6E86669621A7F72E00510D73 /* LaunchScreen.storyboard */; };
		6EF85F7223BF818200DA4AF3 /* Core.framework in Frameworks */ = {isa = PBXBuildFile; fileRef = 6E7D7D0D23BF80C800CFBFED /* Core.framework */; };
/* End PBXBuildFile section */

/* Begin PBXCopyFilesBuildPhase section */
		6E8666A721A8433300510D73 /* Embed Frameworks */ = {
			isa = PBXCopyFilesBuildPhase;
			buildActionMask = 2147483647;
			dstPath = "";
			dstSubfolderSpec = 10;
			files = (
				6E7D7D0E23BF80C800CFBFED /* Core.framework in Embed Frameworks */,
			);
			name = "Embed Frameworks";
			runOnlyForDeploymentPostprocessing = 0;
		};
/* End PBXCopyFilesBuildPhase section */

/* Begin PBXFileReference section */
		6E01F016248A3567002F21C7 /* properties.json */ = {isa = PBXFileReference; lastKnownFileType = text.json; path = properties.json; sourceTree = "<group>"; };
		6E01F018248A3EDC002F21C7 /* StateTableViewController.swift */ = {isa = PBXFileReference; lastKnownFileType = sourcecode.swift; path = StateTableViewController.swift; sourceTree = "<group>"; };
		6E01F01B248A5397002F21C7 /* StateTableViewCell.swift */ = {isa = PBXFileReference; lastKnownFileType = sourcecode.swift; path = StateTableViewCell.swift; sourceTree = "<group>"; };
		6E7D7D0D23BF80C800CFBFED /* Core.framework */ = {isa = PBXFileReference; lastKnownFileType = wrapper.framework; name = Core.framework; path = "../../Core/build/xcode-frameworks/Core.framework"; sourceTree = "<group>"; };
		6E86668A21A7F72D00510D73 /* DemoAppIOS.app */ = {isa = PBXFileReference; explicitFileType = wrapper.application; includeInIndex = 0; path = DemoAppIOS.app; sourceTree = BUILT_PRODUCTS_DIR; };
		6E86668D21A7F72D00510D73 /* AppDelegate.swift */ = {isa = PBXFileReference; lastKnownFileType = sourcecode.swift; path = AppDelegate.swift; sourceTree = "<group>"; };
		6E86668F21A7F72D00510D73 /* ViewController.swift */ = {isa = PBXFileReference; lastKnownFileType = sourcecode.swift; path = ViewController.swift; sourceTree = "<group>"; };
		6E86669221A7F72D00510D73 /* Base */ = {isa = PBXFileReference; lastKnownFileType = file.storyboard; name = Base; path = Base.lproj/Main.storyboard; sourceTree = "<group>"; };
		6E86669421A7F72E00510D73 /* Assets.xcassets */ = {isa = PBXFileReference; lastKnownFileType = folder.assetcatalog; path = Assets.xcassets; sourceTree = "<group>"; };
		6E86669721A7F72E00510D73 /* Base */ = {isa = PBXFileReference; lastKnownFileType = file.storyboard; name = Base; path = Base.lproj/LaunchScreen.storyboard; sourceTree = "<group>"; };
		6E86669921A7F72E00510D73 /* Info.plist */ = {isa = PBXFileReference; lastKnownFileType = text.plist.xml; path = Info.plist; sourceTree = "<group>"; };
/* End PBXFileReference section */

/* Begin PBXFrameworksBuildPhase section */
		6E86668721A7F72D00510D73 /* Frameworks */ = {
			isa = PBXFrameworksBuildPhase;
			buildActionMask = 2147483647;
			files = (
				6EF85F7223BF818200DA4AF3 /* Core.framework in Frameworks */,
			);
			runOnlyForDeploymentPostprocessing = 0;
		};
/* End PBXFrameworksBuildPhase section */

/* Begin PBXGroup section */
		6E01F015248A3515002F21C7 /* Assets */ = {
			isa = PBXGroup;
			children = (
				6E01F016248A3567002F21C7 /* properties.json */,
			);
			path = Assets;
			sourceTree = "<group>";
		};
		6E01F01A248A5386002F21C7 /* Cells */ = {
			isa = PBXGroup;
			children = (
				6E01F01B248A5397002F21C7 /* StateTableViewCell.swift */,
			);
			path = Cells;
			sourceTree = "<group>";
		};
		6E86668121A7F72D00510D73 = {
			isa = PBXGroup;
			children = (
				6E7D7D0D23BF80C800CFBFED /* Core.framework */,
				6E86668C21A7F72D00510D73 /* DemoAppIOS */,
				6E86668B21A7F72D00510D73 /* Products */,
			);
			sourceTree = "<group>";
		};
		6E86668B21A7F72D00510D73 /* Products */ = {
			isa = PBXGroup;
			children = (
				6E86668A21A7F72D00510D73 /* DemoAppIOS.app */,
			);
			name = Products;
			sourceTree = "<group>";
		};
		6E86668C21A7F72D00510D73 /* DemoAppIOS */ = {
			isa = PBXGroup;
			children = (
				6E01F01A248A5386002F21C7 /* Cells */,
				6E01F015248A3515002F21C7 /* Assets */,
				6E86668D21A7F72D00510D73 /* AppDelegate.swift */,
				6E86668F21A7F72D00510D73 /* ViewController.swift */,
				6E86669121A7F72D00510D73 /* Main.storyboard */,
				6E01F018248A3EDC002F21C7 /* StateTableViewController.swift */,
				6E86669421A7F72E00510D73 /* Assets.xcassets */,
				6E86669621A7F72E00510D73 /* LaunchScreen.storyboard */,
				6E86669921A7F72E00510D73 /* Info.plist */,
			);
			path = DemoAppIOS;
			sourceTree = "<group>";
		};
/* End PBXGroup section */

/* Begin PBXNativeTarget section */
		6E86668921A7F72D00510D73 /* DemoAppIOS */ = {
			isa = PBXNativeTarget;
			buildConfigurationList = 6E86669C21A7F72E00510D73 /* Build configuration list for PBXNativeTarget "DemoAppIOS" */;
			buildPhases = (
				6E8666A321A7F88C00510D73 /* Build Core Framework Script */,
				6E86668621A7F72D00510D73 /* Sources */,
				6E86668721A7F72D00510D73 /* Frameworks */,
				6E86668821A7F72D00510D73 /* Resources */,
				6E8666A721A8433300510D73 /* Embed Frameworks */,
			);
			buildRules = (
			);
			dependencies = (
			);
			name = DemoAppIOS;
			productName = DemoAppIOS;
			productReference = 6E86668A21A7F72D00510D73 /* DemoAppIOS.app */;
			productType = "com.apple.product-type.application";
		};
/* End PBXNativeTarget section */

/* Begin PBXProject section */
		6E86668221A7F72D00510D73 /* Project object */ = {
			isa = PBXProject;
			attributes = {
				LastSwiftUpdateCheck = 1010;
				LastUpgradeCheck = 1010;
				ORGANIZATIONNAME = Bitmovin;
				TargetAttributes = {
					6E86668921A7F72D00510D73 = {
						CreatedOnToolsVersion = 10.1;
					};
				};
			};
			buildConfigurationList = 6E86668521A7F72D00510D73 /* Build configuration list for PBXProject "DemoAppIOS" */;
			compatibilityVersion = "Xcode 9.3";
			developmentRegion = en;
			hasScannedForEncodings = 0;
			knownRegions = (
				en,
				Base,
			);
			mainGroup = 6E86668121A7F72D00510D73;
			productRefGroup = 6E86668B21A7F72D00510D73 /* Products */;
			projectDirPath = "";
			projectRoot = "";
			targets = (
				6E86668921A7F72D00510D73 /* DemoAppIOS */,
			);
		};
/* End PBXProject section */

/* Begin PBXResourcesBuildPhase section */
		6E86668821A7F72D00510D73 /* Resources */ = {
			isa = PBXResourcesBuildPhase;
			buildActionMask = 2147483647;
			files = (
				6E01F017248A3567002F21C7 /* properties.json in Resources */,
				6E86669821A7F72E00510D73 /* LaunchScreen.storyboard in Resources */,
				6E86669521A7F72E00510D73 /* Assets.xcassets in Resources */,
				6E86669321A7F72D00510D73 /* Main.storyboard in Resources */,
			);
			runOnlyForDeploymentPostprocessing = 0;
		};
/* End PBXResourcesBuildPhase section */

/* Begin PBXShellScriptBuildPhase section */
		6E8666A321A7F88C00510D73 /* Build Core Framework Script */ = {
			isa = PBXShellScriptBuildPhase;
			buildActionMask = 2147483647;
			files = (
			);
			inputFileListPaths = (
			);
			inputPaths = (
			);
			name = "Build Core Framework Script";
			outputFileListPaths = (
			);
			outputPaths = (
			);
			runOnlyForDeploymentPostprocessing = 0;
			shellPath = /bin/sh;
			shellScript = "cd \"$SRCROOT/../../\"\n./gradlew :Core:packForXCode -PXCODE_CONFIGURATION=${CONFIGURATION}\n";
		};
/* End PBXShellScriptBuildPhase section */

/* Begin PBXSourcesBuildPhase section */
		6E86668621A7F72D00510D73 /* Sources */ = {
			isa = PBXSourcesBuildPhase;
			buildActionMask = 2147483647;
			files = (
				6E01F019248A3EDC002F21C7 /* StateTableViewController.swift in Sources */,
				6E86669021A7F72D00510D73 /* ViewController.swift in Sources */,
				6E86668E21A7F72D00510D73 /* AppDelegate.swift in Sources */,
				6E01F01C248A5397002F21C7 /* StateTableViewCell.swift in Sources */,
			);
			runOnlyForDeploymentPostprocessing = 0;
		};
/* End PBXSourcesBuildPhase section */

/* Begin PBXVariantGroup section */
		6E86669121A7F72D00510D73 /* Main.storyboard */ = {
			isa = PBXVariantGroup;
			children = (
				6E86669221A7F72D00510D73 /* Base */,
			);
			name = Main.storyboard;
			sourceTree = "<group>";
		};
		6E86669621A7F72E00510D73 /* LaunchScreen.storyboard */ = {
			isa = PBXVariantGroup;
			children = (
				6E86669721A7F72E00510D73 /* Base */,
			);
			name = LaunchScreen.storyboard;
			sourceTree = "<group>";
		};
/* End PBXVariantGroup section */

/* Begin XCBuildConfiguration section */
		6E86669A21A7F72E00510D73 /* Debug */ = {
			isa = XCBuildConfiguration;
			buildSettings = {
				ALWAYS_SEARCH_USER_PATHS = NO;
				CLANG_ANALYZER_NONNULL = YES;
				CLANG_ANALYZER_NUMBER_OBJECT_CONVERSION = YES_AGGRESSIVE;
				CLANG_CXX_LANGUAGE_STANDARD = "gnu++14";
				CLANG_CXX_LIBRARY = "libc++";
				CLANG_ENABLE_MODULES = YES;
				CLANG_ENABLE_OBJC_ARC = YES;
				CLANG_ENABLE_OBJC_WEAK = YES;
				CLANG_WARN_BLOCK_CAPTURE_AUTORELEASING = YES;
				CLANG_WARN_BOOL_CONVERSION = YES;
				CLANG_WARN_COMMA = YES;
				CLANG_WARN_CONSTANT_CONVERSION = YES;
				CLANG_WARN_DEPRECATED_OBJC_IMPLEMENTATIONS = YES;
				CLANG_WARN_DIRECT_OBJC_ISA_USAGE = YES_ERROR;
				CLANG_WARN_DOCUMENTATION_COMMENTS = YES;
				CLANG_WARN_EMPTY_BODY = YES;
				CLANG_WARN_ENUM_CONVERSION = YES;
				CLANG_WARN_INFINITE_RECURSION = YES;
				CLANG_WARN_INT_CONVERSION = YES;
				CLANG_WARN_NON_LITERAL_NULL_CONVERSION = YES;
				CLANG_WARN_OBJC_IMPLICIT_RETAIN_SELF = YES;
				CLANG_WARN_OBJC_LITERAL_CONVERSION = YES;
				CLANG_WARN_OBJC_ROOT_CLASS = YES_ERROR;
				CLANG_WARN_RANGE_LOOP_ANALYSIS = YES;
				CLANG_WARN_STRICT_PROTOTYPES = YES;
				CLANG_WARN_SUSPICIOUS_MOVE = YES;
				CLANG_WARN_UNGUARDED_AVAILABILITY = YES_AGGRESSIVE;
				CLANG_WARN_UNREACHABLE_CODE = YES;
				CLANG_WARN__DUPLICATE_METHOD_MATCH = YES;
				CODE_SIGN_IDENTITY = "iPhone Developer";
				COPY_PHASE_STRIP = NO;
				DEBUG_INFORMATION_FORMAT = dwarf;
				ENABLE_STRICT_OBJC_MSGSEND = YES;
				ENABLE_TESTABILITY = YES;
				GCC_C_LANGUAGE_STANDARD = gnu11;
				GCC_DYNAMIC_NO_PIC = NO;
				GCC_NO_COMMON_BLOCKS = YES;
				GCC_OPTIMIZATION_LEVEL = 0;
				GCC_PREPROCESSOR_DEFINITIONS = (
					"DEBUG=1",
					"$(inherited)",
				);
				GCC_WARN_64_TO_32_BIT_CONVERSION = YES;
				GCC_WARN_ABOUT_RETURN_TYPE = YES_ERROR;
				GCC_WARN_UNDECLARED_SELECTOR = YES;
				GCC_WARN_UNINITIALIZED_AUTOS = YES_AGGRESSIVE;
				GCC_WARN_UNUSED_FUNCTION = YES;
				GCC_WARN_UNUSED_VARIABLE = YES;
				IPHONEOS_DEPLOYMENT_TARGET = 12.1;
				MTL_ENABLE_DEBUG_INFO = INCLUDE_SOURCE;
				MTL_FAST_MATH = YES;
				ONLY_ACTIVE_ARCH = YES;
				SDKROOT = iphoneos;
				SWIFT_ACTIVE_COMPILATION_CONDITIONS = DEBUG;
				SWIFT_OPTIMIZATION_LEVEL = "-Onone";
			};
			name = Debug;
		};
		6E86669B21A7F72E00510D73 /* Release */ = {
			isa = XCBuildConfiguration;
			buildSettings = {
				ALWAYS_SEARCH_USER_PATHS = NO;
				CLANG_ANALYZER_NONNULL = YES;
				CLANG_ANALYZER_NUMBER_OBJECT_CONVERSION = YES_AGGRESSIVE;
				CLANG_CXX_LANGUAGE_STANDARD = "gnu++14";
				CLANG_CXX_LIBRARY = "libc++";
				CLANG_ENABLE_MODULES = YES;
				CLANG_ENABLE_OBJC_ARC = YES;
				CLANG_ENABLE_OBJC_WEAK = YES;
				CLANG_WARN_BLOCK_CAPTURE_AUTORELEASING = YES;
				CLANG_WARN_BOOL_CONVERSION = YES;
				CLANG_WARN_COMMA = YES;
				CLANG_WARN_CONSTANT_CONVERSION = YES;
				CLANG_WARN_DEPRECATED_OBJC_IMPLEMENTATIONS = YES;
				CLANG_WARN_DIRECT_OBJC_ISA_USAGE = YES_ERROR;
				CLANG_WARN_DOCUMENTATION_COMMENTS = YES;
				CLANG_WARN_EMPTY_BODY = YES;
				CLANG_WARN_ENUM_CONVERSION = YES;
				CLANG_WARN_INFINITE_RECURSION = YES;
				CLANG_WARN_INT_CONVERSION = YES;
				CLANG_WARN_NON_LITERAL_NULL_CONVERSION = YES;
				CLANG_WARN_OBJC_IMPLICIT_RETAIN_SELF = YES;
				CLANG_WARN_OBJC_LITERAL_CONVERSION = YES;
				CLANG_WARN_OBJC_ROOT_CLASS = YES_ERROR;
				CLANG_WARN_RANGE_LOOP_ANALYSIS = YES;
				CLANG_WARN_STRICT_PROTOTYPES = YES;
				CLANG_WARN_SUSPICIOUS_MOVE = YES;
				CLANG_WARN_UNGUARDED_AVAILABILITY = YES_AGGRESSIVE;
				CLANG_WARN_UNREACHABLE_CODE = YES;
				CLANG_WARN__DUPLICATE_METHOD_MATCH = YES;
				CODE_SIGN_IDENTITY = "iPhone Developer";
				COPY_PHASE_STRIP = NO;
				DEBUG_INFORMATION_FORMAT = "dwarf-with-dsym";
				ENABLE_NS_ASSERTIONS = NO;
				ENABLE_STRICT_OBJC_MSGSEND = YES;
				GCC_C_LANGUAGE_STANDARD = gnu11;
				GCC_NO_COMMON_BLOCKS = YES;
				GCC_WARN_64_TO_32_BIT_CONVERSION = YES;
				GCC_WARN_ABOUT_RETURN_TYPE = YES_ERROR;
				GCC_WARN_UNDECLARED_SELECTOR = YES;
				GCC_WARN_UNINITIALIZED_AUTOS = YES_AGGRESSIVE;
				GCC_WARN_UNUSED_FUNCTION = YES;
				GCC_WARN_UNUSED_VARIABLE = YES;
				IPHONEOS_DEPLOYMENT_TARGET = 12.1;
				MTL_ENABLE_DEBUG_INFO = NO;
				MTL_FAST_MATH = YES;
				SDKROOT = iphoneos;
				SWIFT_COMPILATION_MODE = wholemodule;
				SWIFT_OPTIMIZATION_LEVEL = "-O";
				VALIDATE_PRODUCT = YES;
			};
			name = Release;
		};
		6E86669D21A7F72E00510D73 /* Debug */ = {
			isa = XCBuildConfiguration;
			buildSettings = {
				ASSETCATALOG_COMPILER_APPICON_NAME = AppIcon;
				CODE_SIGN_STYLE = Automatic;
				DEVELOPMENT_TEAM = 4MNVJ883LH;
				ENABLE_BITCODE = NO;
				FRAMEWORK_SEARCH_PATHS = "$(SRCROOT)/../../Core/build/xcode-frameworks";
				INFOPLIST_FILE = DemoAppIOS/Info.plist;
				LD_RUNPATH_SEARCH_PATHS = (
					"$(inherited)",
					"@executable_path/Frameworks",
				);
				PRODUCT_BUNDLE_IDENTIFIER = com.jarhoax.multiplatform.DemoAppIOS;
				PRODUCT_NAME = "$(TARGET_NAME)";
				SWIFT_VERSION = 4.2;
				TARGETED_DEVICE_FAMILY = "1,2";
			};
			name = Debug;
		};
		6E86669E21A7F72E00510D73 /* Release */ = {
			isa = XCBuildConfiguration;
			buildSettings = {
				ASSETCATALOG_COMPILER_APPICON_NAME = AppIcon;
				CODE_SIGN_STYLE = Automatic;
				DEVELOPMENT_TEAM = 4MNVJ883LH;
				ENABLE_BITCODE = NO;
				FRAMEWORK_SEARCH_PATHS = "$(SRCROOT)/../../Core/build/xcode-frameworks";
				INFOPLIST_FILE = DemoAppIOS/Info.plist;
				LD_RUNPATH_SEARCH_PATHS = (
					"$(inherited)",
					"@executable_path/Frameworks",
				);
				PRODUCT_BUNDLE_IDENTIFIER = com.jarhoax.multiplatform.DemoAppIOS;
				PRODUCT_NAME = "$(TARGET_NAME)";
				SWIFT_VERSION = 4.2;
				TARGETED_DEVICE_FAMILY = "1,2";
			};
			name = Release;
		};
/* End XCBuildConfiguration section */

/* Begin XCConfigurationList section */
		6E86668521A7F72D00510D73 /* Build configuration list for PBXProject "DemoAppIOS" */ = {
			isa = XCConfigurationList;
			buildConfigurations = (
				6E86669A21A7F72E00510D73 /* Debug */,
				6E86669B21A7F72E00510D73 /* Release */,
			);
			defaultConfigurationIsVisible = 0;
			defaultConfigurationName = Release;
		};
		6E86669C21A7F72E00510D73 /* Build configuration list for PBXNativeTarget "DemoAppIOS" */ = {
			isa = XCConfigurationList;
			buildConfigurations = (
				6E86669D21A7F72E00510D73 /* Debug */,
				6E86669E21A7F72E00510D73 /* Release */,
			);
			defaultConfigurationIsVisible = 0;
			defaultConfigurationName = Release;
		};
/* End XCConfigurationList section */
	};
	rootObject = 6E86668221A7F72D00510D73 /* Project object */;
}
